
Microsoft Visual Studio Solution File, Format Version 11.00
# Visual Studio 2010
Project("{FAE04EC0-301F-11D3-BF4B-00C04F79EFBC}") = "MiniAppI", "Assembly-CSharp.csproj", "{F5A9392A-21E1-E410-0213-6E1339147946}"
EndProject
Project("{FAE04EC0-301F-11D3-BF4B-00C04F79EFBC}") = "MiniAppI", "Assembly-CSharp-Editor.csproj", "{009E8D1E-5F78-D9B9-3609-7484AA0DF6FC}"
EndProject
Global
	GlobalSection(SolutionConfigurationPlatforms) = preSolution
		Debug|Any CPU = Debug|Any CPU
		Release|Any CPU = Release|Any CPU
	EndGlobalSection
	GlobalSection(ProjectConfigurationPlatforms) = postSolution
		{F5A9392A-21E1-E410-0213-6E1339147946}.Debug|Any CPU.ActiveCfg = Debug|Any CPU
		{F5A9392A-21E1-E410-0213-6E1339147946}.Debug|Any CPU.Build.0 = Debug|Any CPU
		{F5A9392A-21E1-E410-0213-6E1339147946}.Release|Any CPU.ActiveCfg = Release|Any CPU
		{F5A9392A-21E1-E410-0213-6E1339147946}.Release|Any CPU.Build.0 = Release|Any CPU
		{009E8D1E-5F78-D9B9-3609-7484AA0DF6FC}.Debug|Any CPU.ActiveCfg = Debug|Any CPU
		{009E8D1E-5F78-D9B9-3609-7484AA0DF6FC}.Debug|Any CPU.Build.0 = Debug|Any CPU
		{009E8D1E-5F78-D9B9-3609-7484AA0DF6FC}.Release|Any CPU.ActiveCfg = Release|Any CPU
		{009E8D1E-5F78-D9B9-3609-7484AA0DF6FC}.Release|Any CPU.Build.0 = Release|Any CPU
	EndGlobalSection
	GlobalSection(SolutionProperties) = preSolution
		HideSolutionNode = FALSE
	EndGlobalSection
	GlobalSection(MonoDevelopProperties) = preSolution
		StartupItem = Assembly-CSharp.csproj
	EndGlobalSection
EndGlobal
